{
    "version": 3,
    "terraform_version": "0.11.3",
    "serial": 6,
    "lineage": "c62734df-1372-4a9b-aa5f-cf0092318e55",
    "modules": [
        {
            "path": [
                "root"
            ],
            "outputs": {
                "azs": {
                    "sensitive": false,
                    "type": "list",
                    "value": [
                        "us-central1-a",
                        "us-central1-b",
                        "us-central1-c"
                    ]
                },
                "iaas": {
                    "sensitive": false,
                    "type": "string",
                    "value": "gcp"
                },
                "project": {
                    "sensitive": false,
                    "type": "string",
                    "value": "jithus-first-project"
                },
                "region": {
                    "sensitive": false,
                    "type": "string",
                    "value": "us-central1"
                }
            },
            "resources": {
                "google_compute_firewall.cf-allow-external-egress": {
                    "type": "google_compute_firewall",
                    "depends_on": [],
                    "primary": {
                        "id": "jithus-pcf-env-cf-allow-external-egress",
                        "attributes": {
                            "allow.#": "3",
                            "allow.1367131964.ports.#": "0",
                            "allow.1367131964.protocol": "icmp",
                            "allow.1486604749.ports.#": "0",
                            "allow.1486604749.protocol": "udp",
                            "allow.3848845357.ports.#": "0",
                            "allow.3848845357.protocol": "tcp",
                            "deny.#": "0",
                            "description": "",
                            "destination_ranges.#": "1",
                            "destination_ranges.1080289494": "0.0.0.0/0",
                            "direction": "EGRESS",
                            "disabled": "false",
                            "id": "jithus-pcf-env-cf-allow-external-egress",
                            "name": "jithus-pcf-env-cf-allow-external-egress",
                            "network": "https://www.googleapis.com/compute/v1/projects/jithus-first-project/global/networks/jithus-pcf-env-pcf-network",
                            "priority": "1100",
                            "project": "jithus-first-project",
                            "self_link": "https://www.googleapis.com/compute/v1/projects/jithus-first-project/global/firewalls/jithus-pcf-env-cf-allow-external-egress",
                            "source_ranges.#": "0",
                            "source_service_accounts.#": "0",
                            "source_tags.#": "0",
                            "target_service_accounts.#": "1",
                            "target_service_accounts.2182137464": "jithus-pcf-env-opsman@jithus-first-project.iam.gserviceaccount.com",
                            "target_tags.#": "0"
                        },
                        "meta": {
                            "schema_version": "1"
                        },
                        "tainted": false
                    },
                    "deposed": [],
                    "provider": "provider.google"
                },
                "google_compute_firewall.cf-deny-external-egress": {
                    "type": "google_compute_firewall",
                    "depends_on": [],
                    "primary": {
                        "id": "jithus-pcf-env-cf-deny-external-egress",
                        "attributes": {
                            "allow.#": "0",
                            "deny.#": "3",
                            "deny.1367131964.ports.#": "0",
                            "deny.1367131964.protocol": "icmp",
                            "deny.1486604749.ports.#": "0",
                            "deny.1486604749.protocol": "udp",
                            "deny.3848845357.ports.#": "0",
                            "deny.3848845357.protocol": "tcp",
                            "description": "",
                            "destination_ranges.#": "1",
                            "destination_ranges.1080289494": "0.0.0.0/0",
                            "direction": "EGRESS",
                            "disabled": "false",
                            "id": "jithus-pcf-env-cf-deny-external-egress",
                            "name": "jithus-pcf-env-cf-deny-external-egress",
                            "network": "https://www.googleapis.com/compute/v1/projects/jithus-first-project/global/networks/jithus-pcf-env-pcf-network",
                            "priority": "1200",
                            "project": "jithus-first-project",
                            "self_link": "https://www.googleapis.com/compute/v1/projects/jithus-first-project/global/firewalls/jithus-pcf-env-cf-deny-external-egress",
                            "source_ranges.#": "0",
                            "source_service_accounts.#": "0",
                            "source_tags.#": "0",
                            "target_service_accounts.#": "0",
                            "target_tags.#": "0"
                        },
                        "meta": {
                            "schema_version": "1"
                        },
                        "tainted": false
                    },
                    "deposed": [],
                    "provider": "provider.google"
                },
                "google_compute_firewall.cf-health_check": {
                    "type": "google_compute_firewall",
                    "depends_on": [],
                    "primary": {
                        "id": "jithus-pcf-env-cf-health-check",
                        "attributes": {
                            "allow.#": "1",
                            "allow.2481140388.ports.#": "1",
                            "allow.2481140388.ports.0": "8080",
                            "allow.2481140388.protocol": "tcp",
                            "deny.#": "0",
                            "description": "",
                            "destination_ranges.#": "0",
                            "direction": "INGRESS",
                            "disabled": "false",
                            "id": "jithus-pcf-env-cf-health-check",
                            "name": "jithus-pcf-env-cf-health-check",
                            "network": "https://www.googleapis.com/compute/v1/projects/jithus-first-project/global/networks/jithus-pcf-env-pcf-network",
                            "priority": "1000",
                            "project": "jithus-first-project",
                            "self_link": "https://www.googleapis.com/compute/v1/projects/jithus-first-project/global/firewalls/jithus-pcf-env-cf-health-check",
                            "source_ranges.#": "2",
                            "source_ranges.2192388802": "130.211.0.0/22",
                            "source_ranges.2394378644": "35.191.0.0/16",
                            "source_service_accounts.#": "0",
                            "source_tags.#": "0",
                            "target_service_accounts.#": "0",
                            "target_tags.#": "3",
                            "target_tags.3790231227": "jithus-pcf-env-httpslb",
                            "target_tags.3992195871": "jithus-pcf-env-isoseglb",
                            "target_tags.73624946": "jithus-pcf-env-cf-ws"
                        },
                        "meta": {
                            "schema_version": "1"
                        },
                        "tainted": false
                    },
                    "deposed": [],
                    "provider": "provider.google"
                },
                "google_compute_firewall.cf-internal": {
                    "type": "google_compute_firewall",
                    "depends_on": [],
                    "primary": {
                        "id": "jithus-pcf-env-cf-internal",
                        "attributes": {
                            "allow.#": "3",
                            "allow.1367131964.ports.#": "0",
                            "allow.1367131964.protocol": "icmp",
                            "allow.1486604749.ports.#": "0",
                            "allow.1486604749.protocol": "udp",
                            "allow.3848845357.ports.#": "0",
                            "allow.3848845357.protocol": "tcp",
                            "deny.#": "0",
                            "description": "",
                            "destination_ranges.#": "0",
                            "direction": "INGRESS",
                            "disabled": "false",
                            "id": "jithus-pcf-env-cf-internal",
                            "name": "jithus-pcf-env-cf-internal",
                            "network": "https://www.googleapis.com/compute/v1/projects/jithus-first-project/global/networks/jithus-pcf-env-pcf-network",
                            "priority": "1000",
                            "project": "jithus-first-project",
                            "self_link": "https://www.googleapis.com/compute/v1/projects/jithus-first-project/global/firewalls/jithus-pcf-env-cf-internal",
                            "source_ranges.#": "9",
                            "source_ranges.1262194104": "10.119.51.128/28",
                            "source_ranges.1398168781": "10.119.51.192/28",
                            "source_ranges.1661236731": "10.119.51.176/28",
                            "source_ranges.2064581527": "10.119.51.160/28",
                            "source_ranges.2393753504": "10.119.51.144/28",
                            "source_ranges.3077549174": "10.119.51.208/28",
                            "source_ranges.3918084072": "10.119.50.0/25",
                            "source_ranges.4179685787": "10.119.50.128/25",
                            "source_ranges.584442957": "10.119.51.0/25",
                            "source_service_accounts.#": "0",
                            "source_tags.#": "0",
                            "target_service_accounts.#": "0",
                            "target_tags.#": "0"
                        },
                        "meta": {
                            "schema_version": "1"
                        },
                        "tainted": false
                    },
                    "deposed": [],
                    "provider": "provider.google"
                },
                "google_compute_firewall.cf-internal-egress": {
                    "type": "google_compute_firewall",
                    "depends_on": [],
                    "primary": {
                        "id": "jithus-pcf-env-cf-internal-egress",
                        "attributes": {
                            "allow.#": "3",
                            "allow.1367131964.ports.#": "0",
                            "allow.1367131964.protocol": "icmp",
                            "allow.1486604749.ports.#": "0",
                            "allow.1486604749.protocol": "udp",
                            "allow.3848845357.ports.#": "0",
                            "allow.3848845357.protocol": "tcp",
                            "deny.#": "0",
                            "description": "",
                            "destination_ranges.#": "9",
                            "destination_ranges.1262194104": "10.119.51.128/28",
                            "destination_ranges.1398168781": "10.119.51.192/28",
                            "destination_ranges.1661236731": "10.119.51.176/28",
                            "destination_ranges.2064581527": "10.119.51.160/28",
                            "destination_ranges.2393753504": "10.119.51.144/28",
                            "destination_ranges.3077549174": "10.119.51.208/28",
                            "destination_ranges.3918084072": "10.119.50.0/25",
                            "destination_ranges.4179685787": "10.119.50.128/25",
                            "destination_ranges.584442957": "10.119.51.0/25",
                            "direction": "EGRESS",
                            "disabled": "false",
                            "id": "jithus-pcf-env-cf-internal-egress",
                            "name": "jithus-pcf-env-cf-internal-egress",
                            "network": "https://www.googleapis.com/compute/v1/projects/jithus-first-project/global/networks/jithus-pcf-env-pcf-network",
                            "priority": "1000",
                            "project": "jithus-first-project",
                            "self_link": "https://www.googleapis.com/compute/v1/projects/jithus-first-project/global/firewalls/jithus-pcf-env-cf-internal-egress",
                            "source_ranges.#": "0",
                            "source_service_accounts.#": "0",
                            "source_tags.#": "0",
                            "target_service_accounts.#": "0",
                            "target_tags.#": "0"
                        },
                        "meta": {
                            "schema_version": "1"
                        },
                        "tainted": false
                    },
                    "deposed": [],
                    "provider": "provider.google"
                },
                "google_compute_firewall.cf-internal-ingress": {
                    "type": "google_compute_firewall",
                    "depends_on": [],
                    "primary": {
                        "id": "jithus-pcf-env-cf-internal-ingress",
                        "attributes": {
                            "allow.#": "3",
                            "allow.1367131964.ports.#": "0",
                            "allow.1367131964.protocol": "icmp",
                            "allow.1486604749.ports.#": "0",
                            "allow.1486604749.protocol": "udp",
                            "allow.3848845357.ports.#": "0",
                            "allow.3848845357.protocol": "tcp",
                            "deny.#": "0",
                            "description": "",
                            "destination_ranges.#": "0",
                            "direction": "INGRESS",
                            "disabled": "false",
                            "id": "jithus-pcf-env-cf-internal-ingress",
                            "name": "jithus-pcf-env-cf-internal-ingress",
                            "network": "https://www.googleapis.com/compute/v1/projects/jithus-first-project/global/networks/jithus-pcf-env-pcf-network",
                            "priority": "900",
                            "project": "jithus-first-project",
                            "self_link": "https://www.googleapis.com/compute/v1/projects/jithus-first-project/global/firewalls/jithus-pcf-env-cf-internal-ingress",
                            "source_ranges.#": "9",
                            "source_ranges.1262194104": "10.119.51.128/28",
                            "source_ranges.1398168781": "10.119.51.192/28",
                            "source_ranges.1661236731": "10.119.51.176/28",
                            "source_ranges.2064581527": "10.119.51.160/28",
                            "source_ranges.2393753504": "10.119.51.144/28",
                            "source_ranges.3077549174": "10.119.51.208/28",
                            "source_ranges.3918084072": "10.119.50.0/25",
                            "source_ranges.4179685787": "10.119.50.128/25",
                            "source_ranges.584442957": "10.119.51.0/25",
                            "source_service_accounts.#": "0",
                            "source_tags.#": "0",
                            "target_service_accounts.#": "0",
                            "target_tags.#": "0"
                        },
                        "meta": {
                            "schema_version": "1"
                        },
                        "tainted": false
                    },
                    "deposed": [],
                    "provider": "provider.google"
                },
                "google_compute_firewall.cf-public": {
                    "type": "google_compute_firewall",
                    "depends_on": [],
                    "primary": {
                        "id": "jithus-pcf-env-cf-public",
                        "attributes": {
                            "allow.#": "1",
                            "allow.1250112605.ports.#": "2",
                            "allow.1250112605.ports.0": "80",
                            "allow.1250112605.ports.1": "443",
                            "allow.1250112605.protocol": "tcp",
                            "deny.#": "0",
                            "description": "",
                            "destination_ranges.#": "0",
                            "direction": "INGRESS",
                            "disabled": "false",
                            "id": "jithus-pcf-env-cf-public",
                            "name": "jithus-pcf-env-cf-public",
                            "network": "https://www.googleapis.com/compute/v1/projects/jithus-first-project/global/networks/jithus-pcf-env-pcf-network",
                            "priority": "1000",
                            "project": "jithus-first-project",
                            "self_link": "https://www.googleapis.com/compute/v1/projects/jithus-first-project/global/firewalls/jithus-pcf-env-cf-public",
                            "source_ranges.#": "1",
                            "source_ranges.1080289494": "0.0.0.0/0",
                            "source_service_accounts.#": "0",
                            "source_tags.#": "0",
                            "target_service_accounts.#": "0",
                            "target_tags.#": "3",
                            "target_tags.3790231227": "jithus-pcf-env-httpslb",
                            "target_tags.3992195871": "jithus-pcf-env-isoseglb",
                            "target_tags.73624946": "jithus-pcf-env-cf-ws"
                        },
                        "meta": {
                            "schema_version": "1"
                        },
                        "tainted": false
                    },
                    "deposed": [],
                    "provider": "provider.google"
                },
                "google_compute_firewall.cf-ssh": {
                    "type": "google_compute_firewall",
                    "depends_on": [],
                    "primary": {
                        "id": "jithus-pcf-env-cf-ssh",
                        "attributes": {
                            "allow.#": "1",
                            "allow.1291519450.ports.#": "1",
                            "allow.1291519450.ports.0": "2222",
                            "allow.1291519450.protocol": "tcp",
                            "deny.#": "0",
                            "description": "",
                            "destination_ranges.#": "0",
                            "direction": "INGRESS",
                            "disabled": "false",
                            "id": "jithus-pcf-env-cf-ssh",
                            "name": "jithus-pcf-env-cf-ssh",
                            "network": "https://www.googleapis.com/compute/v1/projects/jithus-first-project/global/networks/jithus-pcf-env-pcf-network",
                            "priority": "1000",
                            "project": "jithus-first-project",
                            "self_link": "https://www.googleapis.com/compute/v1/projects/jithus-first-project/global/firewalls/jithus-pcf-env-cf-ssh",
                            "source_ranges.#": "1",
                            "source_ranges.1080289494": "0.0.0.0/0",
                            "source_service_accounts.#": "0",
                            "source_tags.#": "0",
                            "target_service_accounts.#": "0",
                            "target_tags.#": "1",
                            "target_tags.678288710": "jithus-pcf-env-cf-ssh"
                        },
                        "meta": {
                            "schema_version": "1"
                        },
                        "tainted": false
                    },
                    "deposed": [],
                    "provider": "provider.google"
                },
                "google_compute_firewall.ops-manager-external": {
                    "type": "google_compute_firewall",
                    "depends_on": [],
                    "primary": {
                        "id": "jithus-pcf-env-ops-manager-external",
                        "attributes": {
                            "allow.#": "2",
                            "allow.1367131964.ports.#": "0",
                            "allow.1367131964.protocol": "icmp",
                            "allow.827249178.ports.#": "3",
                            "allow.827249178.ports.0": "22",
                            "allow.827249178.ports.1": "80",
                            "allow.827249178.ports.2": "443",
                            "allow.827249178.protocol": "tcp",
                            "deny.#": "0",
                            "description": "",
                            "destination_ranges.#": "0",
                            "direction": "INGRESS",
                            "disabled": "false",
                            "id": "jithus-pcf-env-ops-manager-external",
                            "name": "jithus-pcf-env-ops-manager-external",
                            "network": "https://www.googleapis.com/compute/v1/projects/jithus-first-project/global/networks/jithus-pcf-env-pcf-network",
                            "priority": "1000",
                            "project": "jithus-first-project",
                            "self_link": "https://www.googleapis.com/compute/v1/projects/jithus-first-project/global/firewalls/jithus-pcf-env-ops-manager-external",
                            "source_ranges.#": "1",
                            "source_ranges.1080289494": "0.0.0.0/0",
                            "source_service_accounts.#": "0",
                            "source_tags.#": "0",
                            "target_service_accounts.#": "0",
                            "target_tags.#": "1",
                            "target_tags.855209125": "jithus-pcf-env-ops-manager-external"
                        },
                        "meta": {
                            "schema_version": "1"
                        },
                        "tainted": false
                    },
                    "deposed": [],
                    "provider": "provider.google"
                }
            },
            "depends_on": []
        }
    ]
}
