{
    "version": 3,
    "terraform_version": "0.11.3",
    "serial": 4,
    "lineage": "ecd3917d-61e6-4b44-86d3-f8c7bbc32a89",
    "modules": [
        {
            "path": [
                "root"
            ],
            "outputs": {
                "azs": {
                    "sensitive": false,
                    "type": "list",
                    "value": [
                        "us-central1-a",
                        "us-central1-b",
                        "us-central1-c"
                    ]
                },
                "buildpacks_bucket": {
                    "sensitive": false,
                    "type": "string",
                    "value": "jithus-first-project-jithus-pcf-env-buildpacks"
                },
                "director_blobstore_bucket": {
                    "sensitive": false,
                    "type": "string",
                    "value": "jithus-first-project-jithus-pcf-env-director"
                },
                "droplets_bucket": {
                    "sensitive": false,
                    "type": "string",
                    "value": "jithus-first-project-jithus-pcf-env-droplets"
                },
                "iaas": {
                    "sensitive": false,
                    "type": "string",
                    "value": "gcp"
                },
                "packages_bucket": {
                    "sensitive": false,
                    "type": "string",
                    "value": "jithus-first-project-jithus-pcf-env-packages"
                },
                "project": {
                    "sensitive": false,
                    "type": "string",
                    "value": "jithus-first-project"
                },
                "region": {
                    "sensitive": false,
                    "type": "string",
                    "value": "us-central1"
                },
                "resources_bucket": {
                    "sensitive": false,
                    "type": "string",
                    "value": "jithus-first-project-jithus-pcf-env-resources"
                }
            },
            "resources": {
                "google_storage_bucket.buildpacks": {
                    "type": "google_storage_bucket",
                    "depends_on": [],
                    "primary": {
                        "id": "jithus-first-project-jithus-pcf-env-buildpacks",
                        "attributes": {
                            "cors.#": "0",
                            "force_destroy": "true",
                            "id": "jithus-first-project-jithus-pcf-env-buildpacks",
                            "labels.%": "0",
                            "lifecycle_rule.#": "0",
                            "location": "US",
                            "logging.#": "0",
                            "name": "jithus-first-project-jithus-pcf-env-buildpacks",
                            "project": "jithus-first-project",
                            "self_link": "https://www.googleapis.com/storage/v1/b/jithus-first-project-jithus-pcf-env-buildpacks",
                            "storage_class": "STANDARD",
                            "url": "gs://jithus-first-project-jithus-pcf-env-buildpacks",
                            "versioning.#": "0"
                        },
                        "meta": {},
                        "tainted": false
                    },
                    "deposed": [],
                    "provider": "provider.google"
                },
                "google_storage_bucket.director": {
                    "type": "google_storage_bucket",
                    "depends_on": [],
                    "primary": {
                        "id": "jithus-first-project-jithus-pcf-env-director",
                        "attributes": {
                            "cors.#": "0",
                            "force_destroy": "true",
                            "id": "jithus-first-project-jithus-pcf-env-director",
                            "labels.%": "0",
                            "lifecycle_rule.#": "0",
                            "location": "US",
                            "logging.#": "0",
                            "name": "jithus-first-project-jithus-pcf-env-director",
                            "project": "jithus-first-project",
                            "self_link": "https://www.googleapis.com/storage/v1/b/jithus-first-project-jithus-pcf-env-director",
                            "storage_class": "STANDARD",
                            "url": "gs://jithus-first-project-jithus-pcf-env-director",
                            "versioning.#": "0"
                        },
                        "meta": {},
                        "tainted": false
                    },
                    "deposed": [],
                    "provider": "provider.google"
                },
                "google_storage_bucket.droplets": {
                    "type": "google_storage_bucket",
                    "depends_on": [],
                    "primary": {
                        "id": "jithus-first-project-jithus-pcf-env-droplets",
                        "attributes": {
                            "cors.#": "0",
                            "force_destroy": "true",
                            "id": "jithus-first-project-jithus-pcf-env-droplets",
                            "labels.%": "0",
                            "lifecycle_rule.#": "0",
                            "location": "US",
                            "logging.#": "0",
                            "name": "jithus-first-project-jithus-pcf-env-droplets",
                            "project": "jithus-first-project",
                            "self_link": "https://www.googleapis.com/storage/v1/b/jithus-first-project-jithus-pcf-env-droplets",
                            "storage_class": "STANDARD",
                            "url": "gs://jithus-first-project-jithus-pcf-env-droplets",
                            "versioning.#": "0"
                        },
                        "meta": {},
                        "tainted": false
                    },
                    "deposed": [],
                    "provider": "provider.google"
                },
                "google_storage_bucket.packages": {
                    "type": "google_storage_bucket",
                    "depends_on": [],
                    "primary": {
                        "id": "jithus-first-project-jithus-pcf-env-packages",
                        "attributes": {
                            "cors.#": "0",
                            "force_destroy": "true",
                            "id": "jithus-first-project-jithus-pcf-env-packages",
                            "labels.%": "0",
                            "lifecycle_rule.#": "0",
                            "location": "US",
                            "logging.#": "0",
                            "name": "jithus-first-project-jithus-pcf-env-packages",
                            "project": "jithus-first-project",
                            "self_link": "https://www.googleapis.com/storage/v1/b/jithus-first-project-jithus-pcf-env-packages",
                            "storage_class": "STANDARD",
                            "url": "gs://jithus-first-project-jithus-pcf-env-packages",
                            "versioning.#": "0"
                        },
                        "meta": {},
                        "tainted": false
                    },
                    "deposed": [],
                    "provider": "provider.google"
                },
                "google_storage_bucket.resources": {
                    "type": "google_storage_bucket",
                    "depends_on": [],
                    "primary": {
                        "id": "jithus-first-project-jithus-pcf-env-resources",
                        "attributes": {
                            "cors.#": "0",
                            "force_destroy": "true",
                            "id": "jithus-first-project-jithus-pcf-env-resources",
                            "labels.%": "0",
                            "lifecycle_rule.#": "0",
                            "location": "US",
                            "logging.#": "0",
                            "name": "jithus-first-project-jithus-pcf-env-resources",
                            "project": "jithus-first-project",
                            "self_link": "https://www.googleapis.com/storage/v1/b/jithus-first-project-jithus-pcf-env-resources",
                            "storage_class": "STANDARD",
                            "url": "gs://jithus-first-project-jithus-pcf-env-resources",
                            "versioning.#": "0"
                        },
                        "meta": {},
                        "tainted": false
                    },
                    "deposed": [],
                    "provider": "provider.google"
                }
            },
            "depends_on": []
        }
    ]
}
