{
    "version": 3,
    "terraform_version": "0.11.3",
    "serial": 2,
    "lineage": "874a7902-ff22-4709-9f5c-bf3591ac055f",
    "modules": [
        {
            "path": [
                "root"
            ],
            "outputs": {
                "azs": {
                    "sensitive": false,
                    "type": "list",
                    "value": [
                        "us-central1-a",
                        "us-central1-b",
                        "us-central1-c"
                    ]
                },
                "http_lb_backend_name": {
                    "sensitive": false,
                    "type": "string",
                    "value": "jithus-pcf-env-httpslb"
                },
                "iaas": {
                    "sensitive": false,
                    "type": "string",
                    "value": "gcp"
                },
                "ops_manager_ip": {
                    "sensitive": false,
                    "type": "string",
                    "value": "35.193.79.99"
                },
                "ops_manager_public_ip": {
                    "sensitive": false,
                    "type": "string",
                    "value": "35.193.79.99"
                },
                "ops_manager_ssh_private_key": {
                    "sensitive": true,
                    "type": "string",
                    "value": "-----BEGIN RSA PRIVATE KEY-----\nMIIJKAIBAAKCAgEAunwufBZ+rI/ITRimpj/ukKHgeG7VF7BGLvipRutF/jsU9IXO\nRLZoDWt2izVMiVuNpzjAG82zg6OejubYhWVNImgB2ODTdRXcY49VtWijmxJm8je8\nu1nnfzWZdwmCS0DlpFSwQEb8A4gxRHBdcIDjIzt5wakHk5kEVn52BNsEPPhG6PYG\nqIlITr7owoQkBlyKT/uy1D0RjuWNaSiUuMGOVFA9G00s2FxbrmWHXq9vDeWKFsAT\njCyyXIWv46BtMVaLiiOGWXkse9UqHw8i/qClzFPKZ7UJnIU32lHTkQU58UqTHKmM\nbYeCRs37slRNBwiho0pD1whOl4mb09uQGutlVBsfQ5mDJ4OuRSXQZwUUYnsqaMz0\nvt4asmSrFZz7uJPPcuK6M59H/Nfk/Gl9+W+Duo0nsbza7nfbjO48BUy6ooh4CXR0\nxOgvVctqEjFsqEc23RaMu6tWJumkId4xVTsJgdtVLfMtRLvfH0OajvFwSqas9Icr\nja14rtXEpYdALECEUXy7hk3HqJhfJU5bn15GkYINVJsAYditmiKv6xqlgrJptzII\n3AOn8/0y/FFntW6Q7ImJsD7ozrFWIQAFSUhhmQA9EL4jYNuMNZMe/UT3HR9wk09i\nxCAXMt/6SyzNfro3Ol/N7wZo3rt+hmBMA5qNnQ9ARYt5a5tj2tS2B+YA5ykCAwEA\nAQKCAgBJn9FyaCcm1bVMytiwdjknnOFUat1ydsOes8mRGD4P+x9w0or3EdTOx4iL\nuUU4TY8FYCBoWbPv2t80p+r/71ieptVj3I9fgHv8SpCaCG/fP0qpglve08XTsUOf\nfX+VWk/PqyfSmLPSaSiaTop1ak1Cka6mSKeXHChcRZ0umZF4yMSmIMvMKjcD79dR\nRH48jLiGj2aw6FNQSUylIcJllvUsUGlvp+52lTAVEDx7o2OC5wa3qKmPA+5/HMCu\na53whqycox3doTtwwF3a2U0FnkMXAlW8z/q1ctr0NK4EaT3RB5JBFKc+but+LMCc\nTTAEAOJf52gVM1Bj/44n/F1OY3UjLPIz9RIRdxI9KDCrgnT0axLp7Pt9GHaRIORG\nrjorvWNxoGoKOzZVRb/Ya4oA34kjt8CA/oeMFg69ELnhxvmN/TOt355BCtENrlnJ\nLn4sKbPAAdBdDU5+jjpoYYlIS7rTPhro8lcXMpPZk+6e00SnG58PWhuNJ27XC/37\nO5LxZIgPV7/6gdDwK+KixOHHTvJqDcthvdfhZyDZn4Bfc+AeEX8uZzh2LtlB91ah\n7Ob725fHkJkdONJiI27IKxOA01WqFAPYRLoq/99tQZXdPZvg4ONl1uKWau5igibU\nb0z/k82VIWeA6PdjU+kpwLLrGjKaRch2fTQk6+OOFdZ81fD/6QKCAQEA3AnBS7pk\nGPr/GDf+nveMlGBN1EmFNemH2tNuYjtU09nxLO+Qj0V6UYgemmE1+zgjURRaK6nr\nSKLIgpDUfZ+hMttlDk7AVs2P+eza94G3waqP8U7lGhJAMRy0Md7Dlks/sfUtnCOx\ncW5oZSnjqh2rf40nI02lUw/hYvBTU5Ri7pmPMTMNSS+6RGYxKVFr9JxYtXEsKdLr\noguSBlL3VSjS/UdR6oyZUMNnznEr7AqeWpL1jNkuNEc/KlUXxY6faBzNrc2wc9gL\nNcLFeXBjLFGuhz4IBbw77brCRZQGDtV/+qe9G25CWuYC6FSF/qpQFisYQxRAGg2e\np3tJHO3u0hNVnwKCAQEA2PaXREkfxuBtlfASkPgjum5RWbI6vu6aSazV9tmKcKz+\nHrY/rH1FZfVaSG39cDLxKcn/5SrQCS4/paOHE7zS2C2AQL9esUyiTewxToseWjZ2\nhuSGgfQi6M1+Du40blqnoFcWEynav9BFIOMOouNPL5yYzSGSIE+vwg0Z45Yg6GRW\nxJCBEuLUVoRlCom74oOlDvcmEz8o7jSikvQvHSIdxftGfB0LrLRgAmzzIPyEJRzI\nili1oUhYjrts0uUzkulrCSj8l3G040jNqzGDNN93SzLkoO6biNju2LgWoh62QZPL\nPh1ILknYkRYeH9lY/q3J1bPdVe3T4NkEFHbDA8M+NwKCAQBem0si1kdHflPEA/9U\nNjeZbDbKebnuzjP9YD7ruXrlg6VwnqhXEZZgC9iso/NjymVU7R0//NUO6/6uNLtI\nMCRNC4vNtQp5x/SJjs8u7/UkLcOqCzPyG7rB4wePEaqiqkP+rd4obihTDxePt40N\njag5NWWIhk/5ALD1q0MIgppu4FNy4fJqbzz1P8MPctSp3bc+fCRy7x8lEzh7w5xY\nXy8oe0u7PyyETyAI4RvzZzVi2CD/qDl3fNKpzuBjrsjXKNs+SVv+0vsu6EmjxzC8\n03no6EDmxmI1+sCgzd407pMSIKDsdGHPV2oUnpLmRjAc9/Z8kO5mxUhb1mQ/LgYr\nCOkdAoIBABGBlCMGY3IAmdcHT/gyjW91h0rdfq/5QKnBMGKCmxEMZFTGD80zLm5T\npb1CYriy45Kjoeoz0iVrfec3kqadDcYzpa2Tw2g67r2q2S+lOgW9b0LjHZdOw6JV\nMl6yCbj9x5jAbh+NuQDRJULKD1xFSxZkZE/o7Yl95Iib1gLvEiiuL/IcVs3XT5rL\ng/udsXNNe/wBJSlYZ00RIi0JVuPa5NwcsktBbLe6tiR79gIrXd5AvE2tarpgxASA\nSv+ZTtgDzYcnr3noytesACxYCmYxwcZnjNsPZa1dE6iY8fqSz9HqwvN4GWLiwn6y\ncivPtcaW7zo3ERzl27rAx/t+ua2MC3ECggEBAKQ1x3fz0tBd4i18nGwNKTs3Bisv\nuCwiY5261EFtLVMLTB+BrAhZJEJoAILzaD06Lz8xIBlTjlI7V2AhMH+t7eealmxy\nwieRW4ZCWRtbSNi8z/Xh4VoD08Hbxag/8m7o/5xuO6IlB8bO1Y6dgXZdHP/Js5ph\nSDSl+j2SOcoUx603sDolTMOgNaATAYvauzN7dEAgQzGB+RGUqZLY78kz30N6+wjw\ni8PG8o0BXBxwtYb9ONTnvutK6FpSJRvjYPQL3maXx86mQ2wf9U7Mgw5+DI06tdRd\n76iB3kpbqOJBoxFSA5V3RVIF6UDEJTwIkqVwwkI6RvNQYEESxHLmLLujqPA=\n-----END RSA PRIVATE KEY-----\n"
                },
                "ops_manager_ssh_public_key": {
                    "sensitive": true,
                    "type": "string",
                    "value": "ubuntu:ssh-rsa AAAAB3NzaC1yc2EAAAADAQABAAACAQC6fC58Fn6sj8hNGKamP+6QoeB4btUXsEYu+KlG60X+OxT0hc5EtmgNa3aLNUyJW42nOMAbzbODo56O5tiFZU0iaAHY4NN1Fdxjj1W1aKObEmbyN7y7Wed/NZl3CYJLQOWkVLBARvwDiDFEcF1wgOMjO3nBqQeTmQRWfnYE2wQ8+Ebo9gaoiUhOvujChCQGXIpP+7LUPRGO5Y1pKJS4wY5UUD0bTSzYXFuuZYder28N5YoWwBOMLLJcha/joG0xVouKI4ZZeSx71SofDyL+oKXMU8pntQmchTfaUdORBTnxSpMcqYxth4JGzfuyVE0HCKGjSkPXCE6XiZvT25Aa62VUGx9DmYMng65FJdBnBRRieypozPS+3hqyZKsVnPu4k89y4rozn0f81+T8aX35b4O6jSexvNrud9uM7jwFTLqiiHgJdHTE6C9Vy2oSMWyoRzbdFoy7q1Ym6aQh3jFVOwmB21Ut8y1Eu98fQ5qO8XBKpqz0hyuNrXiu1cSlh0AsQIRRfLuGTceomF8lTlufXkaRgg1UmwBh2K2aIq/rGqWCsmm3MgjcA6fz/TL8UWe1bpDsiYmwPujOsVYhAAVJSGGZAD0QviNg24w1kx79RPcdH3CTT2LEIBcy3/pLLM1+ujc6X83vBmjeu36GYEwDmo2dD0BFi3lrm2Pa1LYH5gDnKQ==\n"
                },
                "project": {
                    "sensitive": false,
                    "type": "string",
                    "value": "jithus-first-project"
                },
                "region": {
                    "sensitive": false,
                    "type": "string",
                    "value": "us-central1"
                },
                "ssh_lb_name": {
                    "sensitive": false,
                    "type": "string",
                    "value": "jithus-pcf-env-cf-ssh"
                },
                "ssh_router_pool": {
                    "sensitive": false,
                    "type": "string",
                    "value": "jithus-pcf-env-cf-ssh"
                },
                "ssl_cert": {
                    "sensitive": true,
                    "type": "string",
                    "value": "-----BEGIN CERTIFICATE-----\nMIIDmDCCAoACCQCKyRQm7ElzazANBgkqhkiG9w0BAQsFADCBjTELMAkGA1UEBhMC\nVVMxDjAMBgNVBAgMBVRleGFzMQ8wDQYDVQQHDAZEYWxsYXMxDTALBgNVBAoMBENp\ndGkxDDAKBgNVBAsMA0dDVDEbMBkGA1UEAwwScGNmLmdjcC5qaXRodXMuY29tMSMw\nIQYJKoZIhvcNAQkBFhRqaXRoZXNoa3R2QGdtYWlsLmNvbTAeFw0xODA3MjQyMDQ0\nMTNaFw0xOTA3MjQyMDQ0MTNaMIGNMQswCQYDVQQGEwJVUzEOMAwGA1UECAwFVGV4\nYXMxDzANBgNVBAcMBkRhbGxhczENMAsGA1UECgwEQ2l0aTEMMAoGA1UECwwDR0NU\nMRswGQYDVQQDDBJwY2YuZ2NwLmppdGh1cy5jb20xIzAhBgkqhkiG9w0BCQEWFGpp\ndGhlc2hrdHZAZ21haWwuY29tMIIBIjANBgkqhkiG9w0BAQEFAAOCAQ8AMIIBCgKC\nAQEAy2DXrQG1lZ0VUmvIAuGKxq0B7Ahdu6eDDvTE7L0LoV9W9scqyiXGsE2PPP6q\n3sHhF1MrhD3i4g62sWyXAw97dethcC2HdbSrfym3JVKUuop0G2eoFEkqzMRGknGX\nZXOFCZGAihiyvo4H5jbyM17e+yhN60+o54IFErUeeJJ02jVkuhOdeZk3F8Evslbr\nWV72dW5TJ9UGLl1hCtZlBSsOq8OsRLNskQBBANpDzKd6H2I4liNb6aQFz7dWBtu/\nLURY875fp22mSb/KhSbNwFpmdP1tnGmV8cdT2yULYFJ0XJhdYAOIzQKfzEPCsN3N\nQTsfFFosYuE5raLjHDORGu0q5wIDAQABMA0GCSqGSIb3DQEBCwUAA4IBAQCYYIDL\niKXiuWKkhPz4RC+/eIVAX+WpSns1TmA+DzMBaww6C9tn4TQ+JbhvUz49BJSDvjV7\n3wlQ0++gtUJr4JDUWRCt+Fls8WUd8v6zqge8o2VK2iAsWSOXSSFIbJY9bMrgj2+k\nluNV/8JiQlvrFXxXzIXu4o357+Ed6Enu1OTKiYuFqbDrhCLUHjVOGbWVniZmxUnp\n008QH1K/SuMyeQ4zYhJW06LRwAFGttNz4nnAIDAVAmSpSOqkQztPe5k79MfBk3I9\nd/VcxlDtGvymsL/N58Sx6fmbx2EhCfR9bCX0p5FsLzQVuPWh7uD3Zezzd8l3at15\nEHD8T1GHw84+diaM\n-----END CERTIFICATE-----\n"
                },
                "ssl_private_key": {
                    "sensitive": true,
                    "type": "string",
                    "value": "-----BEGIN PRIVATE KEY-----\nMIIEvgIBADANBgkqhkiG9w0BAQEFAASCBKgwggSkAgEAAoIBAQDLYNetAbWVnRVS\na8gC4YrGrQHsCF27p4MO9MTsvQuhX1b2xyrKJcawTY88/qreweEXUyuEPeLiDrax\nbJcDD3t162FwLYd1tKt/KbclUpS6inQbZ6gUSSrMxEaScZdlc4UJkYCKGLK+jgfm\nNvIzXt77KE3rT6jnggUStR54knTaNWS6E515mTcXwS+yVutZXvZ1blMn1QYuXWEK\n1mUFKw6rw6xEs2yRAEEA2kPMp3ofYjiWI1vppAXPt1YG278tRFjzvl+nbaZJv8qF\nJs3AWmZ0/W2caZXxx1PbJQtgUnRcmF1gA4jNAp/MQ8Kw3c1BOx8UWixi4TmtouMc\nM5Ea7SrnAgMBAAECggEBAKF+XMR8Pvx2p5+zBjeDcPciGgya+BMyiNcvdc+mrb2O\nPzfmHww1wvfsHnmIn5YSzfH/kOaJXcezd06bs64ydQ7FwbGZ9Z55wFRRg6SXVpJp\nrpi0TrsM/ndqw781g8qDWHiomTEPO6AkmBEuQFSaWOWGs5jOwIhUrkKUn4WOhktd\n/sbS4+/abcXZziBcppu1DfCozJ3SVXq9urBiy3mfWCa6RXCODy8lfzkW64ZQuaB4\nG+CLXb00ie5FwkPsEeQI8MPO/Nsf76t2v3z4wiWdJ5au2QllVu22dZuZ6nRtTmV5\nHEVFGHeYc1VwNhzx+o8uDGcmQ54UIAbaaA2ZA2jyKoECgYEA+OaxFvYYtrGfr9is\nDxRnCKOP033SOitg+tu7tANAJjxKq06xuH3mO3nc7CWWY/kqR5JOS7lHrzjC6L9A\nIBtaMbHz3KeVF1LjUtWCDGO4CBtghNl8em9CnmMdL7AMyIzwxrLDeHl4bUWwVmQK\nQcu2wc5CZtN4PpDKoJz638RT9ZkCgYEA0S3GCfuop5gxEG1t59Z7mbsW1AHa4BjF\nv6VMODUQe40sXD/HYa4skMUZk3wcOV2U4AK77JwaB8nXa4o0IVUUHu4L1i8gU7gj\nXpleKHBarb+MYbxIhqgdWRgWT45Pfu77riPRcylO4D8DIe8zsJqV+juSdwbkIUWQ\nhay/yo4FdH8CgYATymwMUlcWt7rlxYmwzUOACVlXTKrZmzdj2vLq1lNUdvjM9D3n\nWINk+USatkZl/prhA/4bwUi04wOEdCiKJQKf7vFf+yc8qoeOv5FOoOMyKdMb3Rsr\ntQsMAv+AGjR6AdLnSbGHM8lijub9h4jVQHhwopDfEjN+bg7ehHziK/8tCQKBgAIO\nNRf8BRhAgprquF3C2cwU7pB+xCvXknnjofAbdWIBbSIq7kajc4Soqyur2IsnxEK/\nRCF7FzZkYV2JKiH5uAzlwfAE3oh0EsTnNOmo0PtMGpELTJsmI8OwXOfDOjzBFHAN\nog1DpqbFd75pn1Ro8HhZBYNt6ef5ywXFQM04wAz5AoGBAK5gjbj7Oh786bLhHoOb\nfInKs/SBVrWV1vjjrwzgVzuZOXvMlkT9mF2CTmxFmFRy29kuDAprrc8l2qO/X4sp\n9lgGbllU2upRJyP9hOaqKRtbP6ib6Op3k5KJTdbbl4QwDJumLqAifB4tItavp3SB\nUp6ozqJ6sa97ywUn2TGZcZNF\n-----END PRIVATE KEY-----\n"
                },
                "vm_tag": {
                    "sensitive": false,
                    "type": "string",
                    "value": "jithus-pcf-env-vms"
                },
                "web_lb_name": {
                    "sensitive": false,
                    "type": "string",
                    "value": "jithus-pcf-env-httpslb"
                }
            },
            "resources": {
                "google_compute_address.ops-manager-ip": {
                    "type": "google_compute_address",
                    "depends_on": [],
                    "primary": {
                        "id": "jithus-first-project/us-central1/jithus-pcf-env-ops-manager-ip",
                        "attributes": {
                            "address": "35.193.79.99",
                            "address_type": "EXTERNAL",
                            "creation_timestamp": "2018-08-08T07:19:20.948-07:00",
                            "description": "",
                            "id": "jithus-first-project/us-central1/jithus-pcf-env-ops-manager-ip",
                            "name": "jithus-pcf-env-ops-manager-ip",
                            "network_tier": "PREMIUM",
                            "project": "jithus-first-project",
                            "region": "us-central1",
                            "self_link": "https://www.googleapis.com/compute/v1/projects/jithus-first-project/regions/us-central1/addresses/jithus-pcf-env-ops-manager-ip",
                            "subnetwork": "",
                            "users.#": "0"
                        },
                        "meta": {
                            "e2bfb730-ecaa-11e6-8f88-34363bc7c4c0": {
                                "create": 240000000000,
                                "delete": 240000000000
                            }
                        },
                        "tainted": false
                    },
                    "deposed": [],
                    "provider": "provider.google"
                },
                "google_compute_backend_service.http_lb_backend_service": {
                    "type": "google_compute_backend_service",
                    "depends_on": [
                        "google_compute_http_health_check.cf-public",
                        "google_compute_instance_group.httplb",
                        "google_compute_instance_group.httplb.1",
                        "google_compute_instance_group.httplb.2"
                    ],
                    "primary": {
                        "id": "jithus-pcf-env-httpslb",
                        "attributes": {
                            "backend.#": "3",
                            "backend.1391535281.balancing_mode": "UTILIZATION",
                            "backend.1391535281.capacity_scaler": "1",
                            "backend.1391535281.description": "",
                            "backend.1391535281.group": "https://www.googleapis.com/compute/beta/projects/jithus-first-project/zones/us-central1-c/instanceGroups/jithus-pcf-env-httpslb-us-central1-c",
                            "backend.1391535281.max_connections": "0",
                            "backend.1391535281.max_connections_per_instance": "0",
                            "backend.1391535281.max_rate": "0",
                            "backend.1391535281.max_rate_per_instance": "0",
                            "backend.1391535281.max_utilization": "0.8",
                            "backend.3266146355.balancing_mode": "UTILIZATION",
                            "backend.3266146355.capacity_scaler": "1",
                            "backend.3266146355.description": "",
                            "backend.3266146355.group": "https://www.googleapis.com/compute/beta/projects/jithus-first-project/zones/us-central1-a/instanceGroups/jithus-pcf-env-httpslb-us-central1-a",
                            "backend.3266146355.max_connections": "0",
                            "backend.3266146355.max_connections_per_instance": "0",
                            "backend.3266146355.max_rate": "0",
                            "backend.3266146355.max_rate_per_instance": "0",
                            "backend.3266146355.max_utilization": "0.8",
                            "backend.450825968.balancing_mode": "UTILIZATION",
                            "backend.450825968.capacity_scaler": "1",
                            "backend.450825968.description": "",
                            "backend.450825968.group": "https://www.googleapis.com/compute/beta/projects/jithus-first-project/zones/us-central1-b/instanceGroups/jithus-pcf-env-httpslb-us-central1-b",
                            "backend.450825968.max_connections": "0",
                            "backend.450825968.max_connections_per_instance": "0",
                            "backend.450825968.max_rate": "0",
                            "backend.450825968.max_rate_per_instance": "0",
                            "backend.450825968.max_utilization": "0.8",
                            "cdn_policy.#": "1",
                            "cdn_policy.0.cache_key_policy.#": "1",
                            "cdn_policy.0.cache_key_policy.0.include_host": "false",
                            "cdn_policy.0.cache_key_policy.0.include_protocol": "false",
                            "cdn_policy.0.cache_key_policy.0.include_query_string": "false",
                            "cdn_policy.0.cache_key_policy.0.query_string_blacklist.#": "0",
                            "cdn_policy.0.cache_key_policy.0.query_string_whitelist.#": "0",
                            "connection_draining_timeout_sec": "300",
                            "custom_request_headers.#": "0",
                            "description": "",
                            "enable_cdn": "false",
                            "fingerprint": "KwUIKW54ejU=",
                            "health_checks.#": "1",
                            "health_checks.3674482494": "https://www.googleapis.com/compute/beta/projects/jithus-first-project/global/httpHealthChecks/jithus-pcf-env-cf-public",
                            "iap.#": "0",
                            "id": "jithus-pcf-env-httpslb",
                            "name": "jithus-pcf-env-httpslb",
                            "port_name": "http",
                            "project": "jithus-first-project",
                            "protocol": "HTTP",
                            "security_policy": "",
                            "self_link": "https://www.googleapis.com/compute/v1/projects/jithus-first-project/global/backendServices/jithus-pcf-env-httpslb",
                            "session_affinity": "NONE",
                            "timeout_sec": "900"
                        },
                        "meta": {
                            "schema_version": "1"
                        },
                        "tainted": false
                    },
                    "deposed": [],
                    "provider": "provider.google"
                },
                "google_compute_global_address.cf": {
                    "type": "google_compute_global_address",
                    "depends_on": [],
                    "primary": {
                        "id": "jithus-pcf-env-cf",
                        "attributes": {
                            "address": "35.241.32.181",
                            "creation_timestamp": "2018-08-08T07:19:20.899-07:00",
                            "description": "",
                            "id": "jithus-pcf-env-cf",
                            "ip_version": "",
                            "name": "jithus-pcf-env-cf",
                            "project": "jithus-first-project",
                            "self_link": "https://www.googleapis.com/compute/v1/projects/jithus-first-project/global/addresses/jithus-pcf-env-cf"
                        },
                        "meta": {
                            "e2bfb730-ecaa-11e6-8f88-34363bc7c4c0": {
                                "create": 240000000000,
                                "delete": 240000000000
                            }
                        },
                        "tainted": false
                    },
                    "deposed": [],
                    "provider": "provider.google"
                },
                "google_compute_global_forwarding_rule.cf-http": {
                    "type": "google_compute_global_forwarding_rule",
                    "depends_on": [
                        "google_compute_global_address.cf",
                        "google_compute_target_http_proxy.http_lb_proxy"
                    ],
                    "primary": {
                        "id": "jithus-pcf-env-cf-lb-http",
                        "attributes": {
                            "description": "",
                            "id": "jithus-pcf-env-cf-lb-http",
                            "ip_address": "35.241.32.181",
                            "ip_protocol": "TCP",
                            "ip_version": "",
                            "label_fingerprint": "42WmSpB8rSM=",
                            "labels.%": "0",
                            "name": "jithus-pcf-env-cf-lb-http",
                            "port_range": "80-80",
                            "project": "jithus-first-project",
                            "self_link": "https://www.googleapis.com/compute/v1/projects/jithus-first-project/global/forwardingRules/jithus-pcf-env-cf-lb-http",
                            "target": "https://www.googleapis.com/compute/beta/projects/jithus-first-project/global/targetHttpProxies/jithus-pcf-env-httpproxy"
                        },
                        "meta": {},
                        "tainted": false
                    },
                    "deposed": [],
                    "provider": "provider.google"
                },
                "google_compute_global_forwarding_rule.cf-https": {
                    "type": "google_compute_global_forwarding_rule",
                    "depends_on": [
                        "google_compute_global_address.cf",
                        "google_compute_target_https_proxy.https_lb_proxy"
                    ],
                    "primary": {
                        "id": "jithus-pcf-env-cf-lb-https",
                        "attributes": {
                            "description": "",
                            "id": "jithus-pcf-env-cf-lb-https",
                            "ip_address": "35.241.32.181",
                            "ip_protocol": "TCP",
                            "ip_version": "",
                            "label_fingerprint": "42WmSpB8rSM=",
                            "labels.%": "0",
                            "name": "jithus-pcf-env-cf-lb-https",
                            "port_range": "443-443",
                            "project": "jithus-first-project",
                            "self_link": "https://www.googleapis.com/compute/v1/projects/jithus-first-project/global/forwardingRules/jithus-pcf-env-cf-lb-https",
                            "target": "https://www.googleapis.com/compute/beta/projects/jithus-first-project/global/targetHttpsProxies/jithus-pcf-env-httpsproxy"
                        },
                        "meta": {},
                        "tainted": false
                    },
                    "deposed": [],
                    "provider": "provider.google"
                },
                "google_compute_http_health_check.cf-public": {
                    "type": "google_compute_http_health_check",
                    "depends_on": [],
                    "primary": {
                        "id": "jithus-pcf-env-cf-public",
                        "attributes": {
                            "check_interval_sec": "5",
                            "creation_timestamp": "2018-08-08T07:19:25.638-07:00",
                            "description": "",
                            "healthy_threshold": "6",
                            "host": "",
                            "id": "jithus-pcf-env-cf-public",
                            "name": "jithus-pcf-env-cf-public",
                            "port": "8080",
                            "project": "jithus-first-project",
                            "request_path": "/health",
                            "self_link": "https://www.googleapis.com/compute/v1/projects/jithus-first-project/global/httpHealthChecks/jithus-pcf-env-cf-public",
                            "timeout_sec": "3",
                            "unhealthy_threshold": "3"
                        },
                        "meta": {
                            "e2bfb730-ecaa-11e6-8f88-34363bc7c4c0": {
                                "create": 240000000000,
                                "delete": 240000000000,
                                "update": 240000000000
                            }
                        },
                        "tainted": false
                    },
                    "deposed": [],
                    "provider": "provider.google"
                },
                "google_compute_image.ops-manager-image": {
                    "type": "google_compute_image",
                    "depends_on": [],
                    "primary": {
                        "id": "jithus-pcf-env-ops-manager-image",
                        "attributes": {
                            "description": "",
                            "family": "",
                            "id": "jithus-pcf-env-ops-manager-image",
                            "label_fingerprint": "42WmSpB8rSM=",
                            "labels.%": "0",
                            "licenses.#": "0",
                            "name": "jithus-pcf-env-ops-manager-image",
                            "project": "jithus-first-project",
                            "raw_disk.#": "1",
                            "raw_disk.0.container_type": "TAR",
                            "raw_disk.0.sha1": "",
                            "raw_disk.0.source": "https://storage.googleapis.com/ops-manager-us/pcf-gcp-1.12.17.tar.gz",
                            "self_link": "https://www.googleapis.com/compute/v1/projects/jithus-first-project/global/images/jithus-pcf-env-ops-manager-image"
                        },
                        "meta": {
                            "e2bfb730-ecaa-11e6-8f88-34363bc7c4c0": {
                                "create": 1200000000000,
                                "delete": 240000000000,
                                "update": 240000000000
                            }
                        },
                        "tainted": false
                    },
                    "deposed": [],
                    "provider": "provider.google"
                },
                "google_compute_instance.ops-manager": {
                    "type": "google_compute_instance",
                    "depends_on": [
                        "google_compute_address.ops-manager-ip",
                        "google_compute_image.ops-manager-image",
                        "tls_private_key.ops-manager"
                    ],
                    "primary": {
                        "id": "jithus-pcf-env-ops-manager",
                        "attributes": {
                            "attached_disk.#": "0",
                            "boot_disk.#": "1",
                            "boot_disk.0.auto_delete": "true",
                            "boot_disk.0.device_name": "persistent-disk-0",
                            "boot_disk.0.disk_encryption_key_raw": "",
                            "boot_disk.0.disk_encryption_key_sha256": "",
                            "boot_disk.0.initialize_params.#": "1",
                            "boot_disk.0.initialize_params.0.image": "https://www.googleapis.com/compute/v1/projects/jithus-first-project/global/images/jithus-pcf-env-ops-manager-image",
                            "boot_disk.0.initialize_params.0.size": "150",
                            "boot_disk.0.initialize_params.0.type": "pd-standard",
                            "boot_disk.0.source": "https://www.googleapis.com/compute/v1/projects/jithus-first-project/zones/us-central1-b/disks/jithus-pcf-env-ops-manager",
                            "can_ip_forward": "false",
                            "cpu_platform": "Intel Haswell",
                            "create_timeout": "4",
                            "deletion_protection": "false",
                            "guest_accelerator.#": "0",
                            "id": "jithus-pcf-env-ops-manager",
                            "instance_id": "3572286089450701702",
                            "label_fingerprint": "42WmSpB8rSM=",
                            "labels.%": "0",
                            "machine_type": "n1-standard-2",
                            "metadata.%": "2",
                            "metadata.block-project-ssh-keys": "TRUE",
                            "metadata.ssh-keys": "ubuntu:ssh-rsa AAAAB3NzaC1yc2EAAAADAQABAAACAQC6fC58Fn6sj8hNGKamP+6QoeB4btUXsEYu+KlG60X+OxT0hc5EtmgNa3aLNUyJW42nOMAbzbODo56O5tiFZU0iaAHY4NN1Fdxjj1W1aKObEmbyN7y7Wed/NZl3CYJLQOWkVLBARvwDiDFEcF1wgOMjO3nBqQeTmQRWfnYE2wQ8+Ebo9gaoiUhOvujChCQGXIpP+7LUPRGO5Y1pKJS4wY5UUD0bTSzYXFuuZYder28N5YoWwBOMLLJcha/joG0xVouKI4ZZeSx71SofDyL+oKXMU8pntQmchTfaUdORBTnxSpMcqYxth4JGzfuyVE0HCKGjSkPXCE6XiZvT25Aa62VUGx9DmYMng65FJdBnBRRieypozPS+3hqyZKsVnPu4k89y4rozn0f81+T8aX35b4O6jSexvNrud9uM7jwFTLqiiHgJdHTE6C9Vy2oSMWyoRzbdFoy7q1Ym6aQh3jFVOwmB21Ut8y1Eu98fQ5qO8XBKpqz0hyuNrXiu1cSlh0AsQIRRfLuGTceomF8lTlufXkaRgg1UmwBh2K2aIq/rGqWCsmm3MgjcA6fz/TL8UWe1bpDsiYmwPujOsVYhAAVJSGGZAD0QviNg24w1kx79RPcdH3CTT2LEIBcy3/pLLM1+ujc6X83vBmjeu36GYEwDmo2dD0BFi3lrm2Pa1LYH5gDnKQ==\n",
                            "metadata_fingerprint": "b8_tFBEUD08=",
                            "metadata_startup_script": "",
                            "min_cpu_platform": "",
                            "name": "jithus-pcf-env-ops-manager",
                            "network_interface.#": "1",
                            "network_interface.0.access_config.#": "1",
                            "network_interface.0.access_config.0.assigned_nat_ip": "35.193.79.99",
                            "network_interface.0.access_config.0.nat_ip": "35.193.79.99",
                            "network_interface.0.access_config.0.network_tier": "PREMIUM",
                            "network_interface.0.access_config.0.public_ptr_domain_name": "",
                            "network_interface.0.address": "10.119.51.130",
                            "network_interface.0.alias_ip_range.#": "0",
                            "network_interface.0.name": "nic0",
                            "network_interface.0.network": "https://www.googleapis.com/compute/v1/projects/jithus-first-project/global/networks/jithus-pcf-env-pcf-network",
                            "network_interface.0.network_ip": "10.119.51.130",
                            "network_interface.0.subnetwork": "https://www.googleapis.com/compute/v1/projects/jithus-first-project/regions/us-central1/subnetworks/jithus-pcf-env-management-1-subnet",
                            "network_interface.0.subnetwork_project": "jithus-first-project",
                            "project": "jithus-first-project",
                            "scheduling.#": "1",
                            "scheduling.0.automatic_restart": "false",
                            "scheduling.0.on_host_maintenance": "MIGRATE",
                            "scheduling.0.preemptible": "false",
                            "scratch_disk.#": "0",
                            "self_link": "https://www.googleapis.com/compute/v1/projects/jithus-first-project/zones/us-central1-b/instances/jithus-pcf-env-ops-manager",
                            "service_account.#": "1",
                            "service_account.0.email": "jithus-pcf-env-opsman@jithus-first-project.iam.gserviceaccount.com",
                            "service_account.0.scopes.#": "1",
                            "service_account.0.scopes.1733087937": "https://www.googleapis.com/auth/cloud-platform",
                            "tags.#": "1",
                            "tags.855209125": "jithus-pcf-env-ops-manager-external",
                            "tags_fingerprint": "-1Kmy3qH4Cw=",
                            "zone": "us-central1-b"
                        },
                        "meta": {
                            "e2bfb730-ecaa-11e6-8f88-34363bc7c4c0": {
                                "create": 600000000000,
                                "delete": 360000000000,
                                "update": 360000000000
                            },
                            "schema_version": "6"
                        },
                        "tainted": false
                    },
                    "deposed": [],
                    "provider": "provider.google"
                },
                "google_compute_instance_group.httplb.0": {
                    "type": "google_compute_instance_group",
                    "depends_on": [],
                    "primary": {
                        "id": "us-central1-a/jithus-pcf-env-httpslb-us-central1-a",
                        "attributes": {
                            "description": "terraform generated instance group that is multi-zone for https loadbalancing",
                            "id": "us-central1-a/jithus-pcf-env-httpslb-us-central1-a",
                            "instances.#": "0",
                            "name": "jithus-pcf-env-httpslb-us-central1-a",
                            "named_port.#": "0",
                            "network": "",
                            "project": "jithus-first-project",
                            "self_link": "https://www.googleapis.com/compute/v1/projects/jithus-first-project/zones/us-central1-a/instanceGroups/jithus-pcf-env-httpslb-us-central1-a",
                            "size": "0",
                            "zone": "us-central1-a"
                        },
                        "meta": {
                            "schema_version": "2"
                        },
                        "tainted": false
                    },
                    "deposed": [],
                    "provider": "provider.google"
                },
                "google_compute_instance_group.httplb.1": {
                    "type": "google_compute_instance_group",
                    "depends_on": [],
                    "primary": {
                        "id": "us-central1-b/jithus-pcf-env-httpslb-us-central1-b",
                        "attributes": {
                            "description": "terraform generated instance group that is multi-zone for https loadbalancing",
                            "id": "us-central1-b/jithus-pcf-env-httpslb-us-central1-b",
                            "instances.#": "0",
                            "name": "jithus-pcf-env-httpslb-us-central1-b",
                            "named_port.#": "0",
                            "network": "",
                            "project": "jithus-first-project",
                            "self_link": "https://www.googleapis.com/compute/v1/projects/jithus-first-project/zones/us-central1-b/instanceGroups/jithus-pcf-env-httpslb-us-central1-b",
                            "size": "0",
                            "zone": "us-central1-b"
                        },
                        "meta": {
                            "schema_version": "2"
                        },
                        "tainted": false
                    },
                    "deposed": [],
                    "provider": "provider.google"
                },
                "google_compute_instance_group.httplb.2": {
                    "type": "google_compute_instance_group",
                    "depends_on": [],
                    "primary": {
                        "id": "us-central1-c/jithus-pcf-env-httpslb-us-central1-c",
                        "attributes": {
                            "description": "terraform generated instance group that is multi-zone for https loadbalancing",
                            "id": "us-central1-c/jithus-pcf-env-httpslb-us-central1-c",
                            "instances.#": "0",
                            "name": "jithus-pcf-env-httpslb-us-central1-c",
                            "named_port.#": "0",
                            "network": "",
                            "project": "jithus-first-project",
                            "self_link": "https://www.googleapis.com/compute/v1/projects/jithus-first-project/zones/us-central1-c/instanceGroups/jithus-pcf-env-httpslb-us-central1-c",
                            "size": "0",
                            "zone": "us-central1-c"
                        },
                        "meta": {
                            "schema_version": "2"
                        },
                        "tainted": false
                    },
                    "deposed": [],
                    "provider": "provider.google"
                },
                "google_compute_ssl_certificate.cert": {
                    "type": "google_compute_ssl_certificate",
                    "depends_on": [],
                    "primary": {
                        "id": "jithus-pcf-env-lbcert",
                        "attributes": {
                            "certificate": "-----BEGIN CERTIFICATE-----\nMIIDmDCCAoACCQCKyRQm7ElzazANBgkqhkiG9w0BAQsFADCBjTELMAkGA1UEBhMC\nVVMxDjAMBgNVBAgMBVRleGFzMQ8wDQYDVQQHDAZEYWxsYXMxDTALBgNVBAoMBENp\ndGkxDDAKBgNVBAsMA0dDVDEbMBkGA1UEAwwScGNmLmdjcC5qaXRodXMuY29tMSMw\nIQYJKoZIhvcNAQkBFhRqaXRoZXNoa3R2QGdtYWlsLmNvbTAeFw0xODA3MjQyMDQ0\nMTNaFw0xOTA3MjQyMDQ0MTNaMIGNMQswCQYDVQQGEwJVUzEOMAwGA1UECAwFVGV4\nYXMxDzANBgNVBAcMBkRhbGxhczENMAsGA1UECgwEQ2l0aTEMMAoGA1UECwwDR0NU\nMRswGQYDVQQDDBJwY2YuZ2NwLmppdGh1cy5jb20xIzAhBgkqhkiG9w0BCQEWFGpp\ndGhlc2hrdHZAZ21haWwuY29tMIIBIjANBgkqhkiG9w0BAQEFAAOCAQ8AMIIBCgKC\nAQEAy2DXrQG1lZ0VUmvIAuGKxq0B7Ahdu6eDDvTE7L0LoV9W9scqyiXGsE2PPP6q\n3sHhF1MrhD3i4g62sWyXAw97dethcC2HdbSrfym3JVKUuop0G2eoFEkqzMRGknGX\nZXOFCZGAihiyvo4H5jbyM17e+yhN60+o54IFErUeeJJ02jVkuhOdeZk3F8Evslbr\nWV72dW5TJ9UGLl1hCtZlBSsOq8OsRLNskQBBANpDzKd6H2I4liNb6aQFz7dWBtu/\nLURY875fp22mSb/KhSbNwFpmdP1tnGmV8cdT2yULYFJ0XJhdYAOIzQKfzEPCsN3N\nQTsfFFosYuE5raLjHDORGu0q5wIDAQABMA0GCSqGSIb3DQEBCwUAA4IBAQCYYIDL\niKXiuWKkhPz4RC+/eIVAX+WpSns1TmA+DzMBaww6C9tn4TQ+JbhvUz49BJSDvjV7\n3wlQ0++gtUJr4JDUWRCt+Fls8WUd8v6zqge8o2VK2iAsWSOXSSFIbJY9bMrgj2+k\nluNV/8JiQlvrFXxXzIXu4o357+Ed6Enu1OTKiYuFqbDrhCLUHjVOGbWVniZmxUnp\n008QH1K/SuMyeQ4zYhJW06LRwAFGttNz4nnAIDAVAmSpSOqkQztPe5k79MfBk3I9\nd/VcxlDtGvymsL/N58Sx6fmbx2EhCfR9bCX0p5FsLzQVuPWh7uD3Zezzd8l3at15\nEHD8T1GHw84+diaM\n-----END CERTIFICATE-----\n",
                            "certificate_id": "7252457434395395335",
                            "description": "user provided ssl private key / ssl certificate pair",
                            "id": "jithus-pcf-env-lbcert",
                            "name": "jithus-pcf-env-lbcert",
                            "private_key": "-----BEGIN PRIVATE KEY-----\nMIIEvgIBADANBgkqhkiG9w0BAQEFAASCBKgwggSkAgEAAoIBAQDLYNetAbWVnRVS\na8gC4YrGrQHsCF27p4MO9MTsvQuhX1b2xyrKJcawTY88/qreweEXUyuEPeLiDrax\nbJcDD3t162FwLYd1tKt/KbclUpS6inQbZ6gUSSrMxEaScZdlc4UJkYCKGLK+jgfm\nNvIzXt77KE3rT6jnggUStR54knTaNWS6E515mTcXwS+yVutZXvZ1blMn1QYuXWEK\n1mUFKw6rw6xEs2yRAEEA2kPMp3ofYjiWI1vppAXPt1YG278tRFjzvl+nbaZJv8qF\nJs3AWmZ0/W2caZXxx1PbJQtgUnRcmF1gA4jNAp/MQ8Kw3c1BOx8UWixi4TmtouMc\nM5Ea7SrnAgMBAAECggEBAKF+XMR8Pvx2p5+zBjeDcPciGgya+BMyiNcvdc+mrb2O\nPzfmHww1wvfsHnmIn5YSzfH/kOaJXcezd06bs64ydQ7FwbGZ9Z55wFRRg6SXVpJp\nrpi0TrsM/ndqw781g8qDWHiomTEPO6AkmBEuQFSaWOWGs5jOwIhUrkKUn4WOhktd\n/sbS4+/abcXZziBcppu1DfCozJ3SVXq9urBiy3mfWCa6RXCODy8lfzkW64ZQuaB4\nG+CLXb00ie5FwkPsEeQI8MPO/Nsf76t2v3z4wiWdJ5au2QllVu22dZuZ6nRtTmV5\nHEVFGHeYc1VwNhzx+o8uDGcmQ54UIAbaaA2ZA2jyKoECgYEA+OaxFvYYtrGfr9is\nDxRnCKOP033SOitg+tu7tANAJjxKq06xuH3mO3nc7CWWY/kqR5JOS7lHrzjC6L9A\nIBtaMbHz3KeVF1LjUtWCDGO4CBtghNl8em9CnmMdL7AMyIzwxrLDeHl4bUWwVmQK\nQcu2wc5CZtN4PpDKoJz638RT9ZkCgYEA0S3GCfuop5gxEG1t59Z7mbsW1AHa4BjF\nv6VMODUQe40sXD/HYa4skMUZk3wcOV2U4AK77JwaB8nXa4o0IVUUHu4L1i8gU7gj\nXpleKHBarb+MYbxIhqgdWRgWT45Pfu77riPRcylO4D8DIe8zsJqV+juSdwbkIUWQ\nhay/yo4FdH8CgYATymwMUlcWt7rlxYmwzUOACVlXTKrZmzdj2vLq1lNUdvjM9D3n\nWINk+USatkZl/prhA/4bwUi04wOEdCiKJQKf7vFf+yc8qoeOv5FOoOMyKdMb3Rsr\ntQsMAv+AGjR6AdLnSbGHM8lijub9h4jVQHhwopDfEjN+bg7ehHziK/8tCQKBgAIO\nNRf8BRhAgprquF3C2cwU7pB+xCvXknnjofAbdWIBbSIq7kajc4Soqyur2IsnxEK/\nRCF7FzZkYV2JKiH5uAzlwfAE3oh0EsTnNOmo0PtMGpELTJsmI8OwXOfDOjzBFHAN\nog1DpqbFd75pn1Ro8HhZBYNt6ef5ywXFQM04wAz5AoGBAK5gjbj7Oh786bLhHoOb\nfInKs/SBVrWV1vjjrwzgVzuZOXvMlkT9mF2CTmxFmFRy29kuDAprrc8l2qO/X4sp\n9lgGbllU2upRJyP9hOaqKRtbP6ib6Op3k5KJTdbbl4QwDJumLqAifB4tItavp3SB\nUp6ozqJ6sa97ywUn2TGZcZNF\n-----END PRIVATE KEY-----\n",
                            "project": "jithus-first-project",
                            "self_link": "https://www.googleapis.com/compute/v1/projects/jithus-first-project/global/sslCertificates/jithus-pcf-env-lbcert"
                        },
                        "meta": {},
                        "tainted": false
                    },
                    "deposed": [],
                    "provider": "provider.google"
                },
                "google_compute_target_http_proxy.http_lb_proxy": {
                    "type": "google_compute_target_http_proxy",
                    "depends_on": [
                        "google_compute_url_map.https_lb_url_map"
                    ],
                    "primary": {
                        "id": "jithus-pcf-env-httpproxy",
                        "attributes": {
                            "creation_timestamp": "2018-08-08T07:20:00.029-07:00",
                            "description": "really a load balancer but listed as an https proxy",
                            "id": "jithus-pcf-env-httpproxy",
                            "name": "jithus-pcf-env-httpproxy",
                            "project": "jithus-first-project",
                            "proxy_id": "3772130127459599103",
                            "self_link": "https://www.googleapis.com/compute/v1/projects/jithus-first-project/global/targetHttpProxies/jithus-pcf-env-httpproxy",
                            "url_map": "https://www.googleapis.com/compute/v1/projects/jithus-first-project/global/urlMaps/jithus-pcf-env-cf-http"
                        },
                        "meta": {
                            "e2bfb730-ecaa-11e6-8f88-34363bc7c4c0": {
                                "create": 240000000000,
                                "delete": 240000000000,
                                "update": 240000000000
                            }
                        },
                        "tainted": false
                    },
                    "deposed": [],
                    "provider": "provider.google"
                },
                "google_compute_target_https_proxy.https_lb_proxy": {
                    "type": "google_compute_target_https_proxy",
                    "depends_on": [
                        "google_compute_ssl_certificate.cert",
                        "google_compute_url_map.https_lb_url_map"
                    ],
                    "primary": {
                        "id": "jithus-pcf-env-httpsproxy",
                        "attributes": {
                            "creation_timestamp": "2018-08-08T07:20:01.471-07:00",
                            "description": "really a load balancer but listed as an https proxy",
                            "id": "jithus-pcf-env-httpsproxy",
                            "name": "jithus-pcf-env-httpsproxy",
                            "project": "jithus-first-project",
                            "proxy_id": "2714453620040352510",
                            "quic_override": "",
                            "self_link": "https://www.googleapis.com/compute/v1/projects/jithus-first-project/global/targetHttpsProxies/jithus-pcf-env-httpsproxy",
                            "ssl_certificates.#": "1",
                            "ssl_certificates.0": "https://www.googleapis.com/compute/v1/projects/jithus-first-project/global/sslCertificates/jithus-pcf-env-lbcert",
                            "ssl_policy": "",
                            "url_map": "https://www.googleapis.com/compute/v1/projects/jithus-first-project/global/urlMaps/jithus-pcf-env-cf-http"
                        },
                        "meta": {
                            "e2bfb730-ecaa-11e6-8f88-34363bc7c4c0": {
                                "create": 240000000000,
                                "delete": 240000000000,
                                "update": 240000000000
                            }
                        },
                        "tainted": false
                    },
                    "deposed": [],
                    "provider": "provider.google"
                },
                "google_compute_target_pool.cf-ssh": {
                    "type": "google_compute_target_pool",
                    "depends_on": [],
                    "primary": {
                        "id": "jithus-pcf-env-cf-ssh",
                        "attributes": {
                            "backup_pool": "",
                            "description": "",
                            "failover_ratio": "0",
                            "health_checks.#": "0",
                            "id": "jithus-pcf-env-cf-ssh",
                            "instances.#": "0",
                            "name": "jithus-pcf-env-cf-ssh",
                            "project": "jithus-first-project",
                            "region": "us-central1",
                            "self_link": "https://www.googleapis.com/compute/v1/projects/jithus-first-project/regions/us-central1/targetPools/jithus-pcf-env-cf-ssh",
                            "session_affinity": "NONE"
                        },
                        "meta": {},
                        "tainted": false
                    },
                    "deposed": [],
                    "provider": "provider.google"
                },
                "google_compute_url_map.https_lb_url_map": {
                    "type": "google_compute_url_map",
                    "depends_on": [
                        "google_compute_backend_service.http_lb_backend_service"
                    ],
                    "primary": {
                        "id": "jithus-pcf-env-cf-http",
                        "attributes": {
                            "default_service": "https://www.googleapis.com/compute/v1/projects/jithus-first-project/global/backendServices/jithus-pcf-env-httpslb",
                            "fingerprint": "U2O5h-fjs1E=",
                            "host_rule.#": "0",
                            "id": "jithus-pcf-env-cf-http",
                            "map_id": "3734015904775095019",
                            "name": "jithus-pcf-env-cf-http",
                            "path_matcher.#": "0",
                            "project": "jithus-first-project",
                            "self_link": "https://www.googleapis.com/compute/v1/projects/jithus-first-project/global/urlMaps/jithus-pcf-env-cf-http",
                            "test.#": "0"
                        },
                        "meta": {},
                        "tainted": false
                    },
                    "deposed": [],
                    "provider": "provider.google"
                },
                "tls_private_key.ops-manager": {
                    "type": "tls_private_key",
                    "depends_on": [],
                    "primary": {
                        "id": "a2a4efed61020654957fad84c65232ae17e48523",
                        "attributes": {
                            "algorithm": "RSA",
                            "ecdsa_curve": "P224",
                            "id": "a2a4efed61020654957fad84c65232ae17e48523",
                            "private_key_pem": "-----BEGIN RSA PRIVATE KEY-----\nMIIJKAIBAAKCAgEAunwufBZ+rI/ITRimpj/ukKHgeG7VF7BGLvipRutF/jsU9IXO\nRLZoDWt2izVMiVuNpzjAG82zg6OejubYhWVNImgB2ODTdRXcY49VtWijmxJm8je8\nu1nnfzWZdwmCS0DlpFSwQEb8A4gxRHBdcIDjIzt5wakHk5kEVn52BNsEPPhG6PYG\nqIlITr7owoQkBlyKT/uy1D0RjuWNaSiUuMGOVFA9G00s2FxbrmWHXq9vDeWKFsAT\njCyyXIWv46BtMVaLiiOGWXkse9UqHw8i/qClzFPKZ7UJnIU32lHTkQU58UqTHKmM\nbYeCRs37slRNBwiho0pD1whOl4mb09uQGutlVBsfQ5mDJ4OuRSXQZwUUYnsqaMz0\nvt4asmSrFZz7uJPPcuK6M59H/Nfk/Gl9+W+Duo0nsbza7nfbjO48BUy6ooh4CXR0\nxOgvVctqEjFsqEc23RaMu6tWJumkId4xVTsJgdtVLfMtRLvfH0OajvFwSqas9Icr\nja14rtXEpYdALECEUXy7hk3HqJhfJU5bn15GkYINVJsAYditmiKv6xqlgrJptzII\n3AOn8/0y/FFntW6Q7ImJsD7ozrFWIQAFSUhhmQA9EL4jYNuMNZMe/UT3HR9wk09i\nxCAXMt/6SyzNfro3Ol/N7wZo3rt+hmBMA5qNnQ9ARYt5a5tj2tS2B+YA5ykCAwEA\nAQKCAgBJn9FyaCcm1bVMytiwdjknnOFUat1ydsOes8mRGD4P+x9w0or3EdTOx4iL\nuUU4TY8FYCBoWbPv2t80p+r/71ieptVj3I9fgHv8SpCaCG/fP0qpglve08XTsUOf\nfX+VWk/PqyfSmLPSaSiaTop1ak1Cka6mSKeXHChcRZ0umZF4yMSmIMvMKjcD79dR\nRH48jLiGj2aw6FNQSUylIcJllvUsUGlvp+52lTAVEDx7o2OC5wa3qKmPA+5/HMCu\na53whqycox3doTtwwF3a2U0FnkMXAlW8z/q1ctr0NK4EaT3RB5JBFKc+but+LMCc\nTTAEAOJf52gVM1Bj/44n/F1OY3UjLPIz9RIRdxI9KDCrgnT0axLp7Pt9GHaRIORG\nrjorvWNxoGoKOzZVRb/Ya4oA34kjt8CA/oeMFg69ELnhxvmN/TOt355BCtENrlnJ\nLn4sKbPAAdBdDU5+jjpoYYlIS7rTPhro8lcXMpPZk+6e00SnG58PWhuNJ27XC/37\nO5LxZIgPV7/6gdDwK+KixOHHTvJqDcthvdfhZyDZn4Bfc+AeEX8uZzh2LtlB91ah\n7Ob725fHkJkdONJiI27IKxOA01WqFAPYRLoq/99tQZXdPZvg4ONl1uKWau5igibU\nb0z/k82VIWeA6PdjU+kpwLLrGjKaRch2fTQk6+OOFdZ81fD/6QKCAQEA3AnBS7pk\nGPr/GDf+nveMlGBN1EmFNemH2tNuYjtU09nxLO+Qj0V6UYgemmE1+zgjURRaK6nr\nSKLIgpDUfZ+hMttlDk7AVs2P+eza94G3waqP8U7lGhJAMRy0Md7Dlks/sfUtnCOx\ncW5oZSnjqh2rf40nI02lUw/hYvBTU5Ri7pmPMTMNSS+6RGYxKVFr9JxYtXEsKdLr\noguSBlL3VSjS/UdR6oyZUMNnznEr7AqeWpL1jNkuNEc/KlUXxY6faBzNrc2wc9gL\nNcLFeXBjLFGuhz4IBbw77brCRZQGDtV/+qe9G25CWuYC6FSF/qpQFisYQxRAGg2e\np3tJHO3u0hNVnwKCAQEA2PaXREkfxuBtlfASkPgjum5RWbI6vu6aSazV9tmKcKz+\nHrY/rH1FZfVaSG39cDLxKcn/5SrQCS4/paOHE7zS2C2AQL9esUyiTewxToseWjZ2\nhuSGgfQi6M1+Du40blqnoFcWEynav9BFIOMOouNPL5yYzSGSIE+vwg0Z45Yg6GRW\nxJCBEuLUVoRlCom74oOlDvcmEz8o7jSikvQvHSIdxftGfB0LrLRgAmzzIPyEJRzI\nili1oUhYjrts0uUzkulrCSj8l3G040jNqzGDNN93SzLkoO6biNju2LgWoh62QZPL\nPh1ILknYkRYeH9lY/q3J1bPdVe3T4NkEFHbDA8M+NwKCAQBem0si1kdHflPEA/9U\nNjeZbDbKebnuzjP9YD7ruXrlg6VwnqhXEZZgC9iso/NjymVU7R0//NUO6/6uNLtI\nMCRNC4vNtQp5x/SJjs8u7/UkLcOqCzPyG7rB4wePEaqiqkP+rd4obihTDxePt40N\njag5NWWIhk/5ALD1q0MIgppu4FNy4fJqbzz1P8MPctSp3bc+fCRy7x8lEzh7w5xY\nXy8oe0u7PyyETyAI4RvzZzVi2CD/qDl3fNKpzuBjrsjXKNs+SVv+0vsu6EmjxzC8\n03no6EDmxmI1+sCgzd407pMSIKDsdGHPV2oUnpLmRjAc9/Z8kO5mxUhb1mQ/LgYr\nCOkdAoIBABGBlCMGY3IAmdcHT/gyjW91h0rdfq/5QKnBMGKCmxEMZFTGD80zLm5T\npb1CYriy45Kjoeoz0iVrfec3kqadDcYzpa2Tw2g67r2q2S+lOgW9b0LjHZdOw6JV\nMl6yCbj9x5jAbh+NuQDRJULKD1xFSxZkZE/o7Yl95Iib1gLvEiiuL/IcVs3XT5rL\ng/udsXNNe/wBJSlYZ00RIi0JVuPa5NwcsktBbLe6tiR79gIrXd5AvE2tarpgxASA\nSv+ZTtgDzYcnr3noytesACxYCmYxwcZnjNsPZa1dE6iY8fqSz9HqwvN4GWLiwn6y\ncivPtcaW7zo3ERzl27rAx/t+ua2MC3ECggEBAKQ1x3fz0tBd4i18nGwNKTs3Bisv\nuCwiY5261EFtLVMLTB+BrAhZJEJoAILzaD06Lz8xIBlTjlI7V2AhMH+t7eealmxy\nwieRW4ZCWRtbSNi8z/Xh4VoD08Hbxag/8m7o/5xuO6IlB8bO1Y6dgXZdHP/Js5ph\nSDSl+j2SOcoUx603sDolTMOgNaATAYvauzN7dEAgQzGB+RGUqZLY78kz30N6+wjw\ni8PG8o0BXBxwtYb9ONTnvutK6FpSJRvjYPQL3maXx86mQ2wf9U7Mgw5+DI06tdRd\n76iB3kpbqOJBoxFSA5V3RVIF6UDEJTwIkqVwwkI6RvNQYEESxHLmLLujqPA=\n-----END RSA PRIVATE KEY-----\n",
                            "public_key_openssh": "ssh-rsa AAAAB3NzaC1yc2EAAAADAQABAAACAQC6fC58Fn6sj8hNGKamP+6QoeB4btUXsEYu+KlG60X+OxT0hc5EtmgNa3aLNUyJW42nOMAbzbODo56O5tiFZU0iaAHY4NN1Fdxjj1W1aKObEmbyN7y7Wed/NZl3CYJLQOWkVLBARvwDiDFEcF1wgOMjO3nBqQeTmQRWfnYE2wQ8+Ebo9gaoiUhOvujChCQGXIpP+7LUPRGO5Y1pKJS4wY5UUD0bTSzYXFuuZYder28N5YoWwBOMLLJcha/joG0xVouKI4ZZeSx71SofDyL+oKXMU8pntQmchTfaUdORBTnxSpMcqYxth4JGzfuyVE0HCKGjSkPXCE6XiZvT25Aa62VUGx9DmYMng65FJdBnBRRieypozPS+3hqyZKsVnPu4k89y4rozn0f81+T8aX35b4O6jSexvNrud9uM7jwFTLqiiHgJdHTE6C9Vy2oSMWyoRzbdFoy7q1Ym6aQh3jFVOwmB21Ut8y1Eu98fQ5qO8XBKpqz0hyuNrXiu1cSlh0AsQIRRfLuGTceomF8lTlufXkaRgg1UmwBh2K2aIq/rGqWCsmm3MgjcA6fz/TL8UWe1bpDsiYmwPujOsVYhAAVJSGGZAD0QviNg24w1kx79RPcdH3CTT2LEIBcy3/pLLM1+ujc6X83vBmjeu36GYEwDmo2dD0BFi3lrm2Pa1LYH5gDnKQ==\n",
                            "public_key_pem": "-----BEGIN PUBLIC KEY-----\nMIICIjANBgkqhkiG9w0BAQEFAAOCAg8AMIICCgKCAgEAunwufBZ+rI/ITRimpj/u\nkKHgeG7VF7BGLvipRutF/jsU9IXORLZoDWt2izVMiVuNpzjAG82zg6OejubYhWVN\nImgB2ODTdRXcY49VtWijmxJm8je8u1nnfzWZdwmCS0DlpFSwQEb8A4gxRHBdcIDj\nIzt5wakHk5kEVn52BNsEPPhG6PYGqIlITr7owoQkBlyKT/uy1D0RjuWNaSiUuMGO\nVFA9G00s2FxbrmWHXq9vDeWKFsATjCyyXIWv46BtMVaLiiOGWXkse9UqHw8i/qCl\nzFPKZ7UJnIU32lHTkQU58UqTHKmMbYeCRs37slRNBwiho0pD1whOl4mb09uQGutl\nVBsfQ5mDJ4OuRSXQZwUUYnsqaMz0vt4asmSrFZz7uJPPcuK6M59H/Nfk/Gl9+W+D\nuo0nsbza7nfbjO48BUy6ooh4CXR0xOgvVctqEjFsqEc23RaMu6tWJumkId4xVTsJ\ngdtVLfMtRLvfH0OajvFwSqas9Icrja14rtXEpYdALECEUXy7hk3HqJhfJU5bn15G\nkYINVJsAYditmiKv6xqlgrJptzII3AOn8/0y/FFntW6Q7ImJsD7ozrFWIQAFSUhh\nmQA9EL4jYNuMNZMe/UT3HR9wk09ixCAXMt/6SyzNfro3Ol/N7wZo3rt+hmBMA5qN\nnQ9ARYt5a5tj2tS2B+YA5ykCAwEAAQ==\n-----END PUBLIC KEY-----\n",
                            "rsa_bits": "4096"
                        },
                        "meta": {},
                        "tainted": false
                    },
                    "deposed": [],
                    "provider": "provider.tls"
                }
            },
            "depends_on": []
        }
    ]
}
